// !$*UTF8*$!
{
	archiveVersion = 1;
	classes = {
	};
	objectVersion = 56;
	objects = {

/* Begin PBXBuildFile section */
		F2635B1B2BD45C3C0056B5A5 /* WidgetsCocoaHeadsApp.swift in Sources */ = {isa = PBXBuildFile; fileRef = F2635B1A2BD45C3C0056B5A5 /* WidgetsCocoaHeadsApp.swift */; };
		F2635B1D2BD45C3C0056B5A5 /* ListOfAdsView.swift in Sources */ = {isa = PBXBuildFile; fileRef = F2635B1C2BD45C3C0056B5A5 /* ListOfAdsView.swift */; };
		F2635B1F2BD45C3D0056B5A5 /* Assets.xcassets in Resources */ = {isa = PBXBuildFile; fileRef = F2635B1E2BD45C3D0056B5A5 /* Assets.xcassets */; };
		F2635B222BD45C3D0056B5A5 /* Preview Assets.xcassets in Resources */ = {isa = PBXBuildFile; fileRef = F2635B212BD45C3D0056B5A5 /* Preview Assets.xcassets */; };
		F2635B2D2BD45D5D0056B5A5 /* LocalService.swift in Sources */ = {isa = PBXBuildFile; fileRef = F2635B2C2BD45D5D0056B5A5 /* LocalService.swift */; };
		F2635B2F2BD45E910056B5A5 /* ads.json in Resources */ = {isa = PBXBuildFile; fileRef = F2635B2E2BD45E910056B5A5 /* ads.json */; };
		F2D555992BD73689002E0934 /* ad-1.json in Resources */ = {isa = PBXBuildFile; fileRef = F2D555982BD73689002E0934 /* ad-1.json */; };
		F2D5559B2BD73739002E0934 /* AdDetailViewModel.swift in Sources */ = {isa = PBXBuildFile; fileRef = F2D5559A2BD73739002E0934 /* AdDetailViewModel.swift */; };
		F2D5559D2BD738F0002E0934 /* AdDetailModel.swift in Sources */ = {isa = PBXBuildFile; fileRef = F2D5559C2BD738F0002E0934 /* AdDetailModel.swift */; };
		F2D5559F2BD748A2002E0934 /* ad-0.json in Resources */ = {isa = PBXBuildFile; fileRef = F2D5559E2BD748A2002E0934 /* ad-0.json */; };
		F2D555A12BD748B4002E0934 /* ad-2.json in Resources */ = {isa = PBXBuildFile; fileRef = F2D555A02BD748B4002E0934 /* ad-2.json */; };
		F2D555A32BD748BF002E0934 /* ad-3.json in Resources */ = {isa = PBXBuildFile; fileRef = F2D555A22BD748BF002E0934 /* ad-3.json */; };
		F2D555A52BD748C9002E0934 /* ad-4.json in Resources */ = {isa = PBXBuildFile; fileRef = F2D555A42BD748C9002E0934 /* ad-4.json */; };
		F2D555A72BD748EA002E0934 /* ad-5.json in Resources */ = {isa = PBXBuildFile; fileRef = F2D555A62BD748EA002E0934 /* ad-5.json */; };
		F2D555A92BD74909002E0934 /* ad-6.json in Resources */ = {isa = PBXBuildFile; fileRef = F2D555A82BD74909002E0934 /* ad-6.json */; };
		F2D555AB2BD74914002E0934 /* ad-7.json in Resources */ = {isa = PBXBuildFile; fileRef = F2D555AA2BD74914002E0934 /* ad-7.json */; };
		F2D555AD2BD74928002E0934 /* ad-8.json in Resources */ = {isa = PBXBuildFile; fileRef = F2D555AC2BD74928002E0934 /* ad-8.json */; };
		F2D555AF2BD74933002E0934 /* ad-9.json in Resources */ = {isa = PBXBuildFile; fileRef = F2D555AE2BD74933002E0934 /* ad-9.json */; };
		F2D555B12BD7493B002E0934 /* ad-10.json in Resources */ = {isa = PBXBuildFile; fileRef = F2D555B02BD7493B002E0934 /* ad-10.json */; };
		F2D555B32BD74942002E0934 /* ad-11.json in Resources */ = {isa = PBXBuildFile; fileRef = F2D555B22BD74942002E0934 /* ad-11.json */; };
		F2D555B52BD7494A002E0934 /* ad-12.json in Resources */ = {isa = PBXBuildFile; fileRef = F2D555B42BD7494A002E0934 /* ad-12.json */; };
		F2F1C0BB2BD463E3004051BF /* AdsModel.swift in Sources */ = {isa = PBXBuildFile; fileRef = F2F1C0BA2BD463E3004051BF /* AdsModel.swift */; };
		F2F1C0C02BD46996004051BF /* AdsViewModel.swift in Sources */ = {isa = PBXBuildFile; fileRef = F2F1C0BF2BD46996004051BF /* AdsViewModel.swift */; };
		F2F1C0C42BD46EF7004051BF /* AdView.swift in Sources */ = {isa = PBXBuildFile; fileRef = F2F1C0C32BD46EF7004051BF /* AdView.swift */; };
		F2F1C0CC2BD47784004051BF /* WidgetKit.framework in Frameworks */ = {isa = PBXBuildFile; fileRef = F2F1C0CB2BD47784004051BF /* WidgetKit.framework */; };
		F2F1C0CE2BD47784004051BF /* SwiftUI.framework in Frameworks */ = {isa = PBXBuildFile; fileRef = F2F1C0CD2BD47784004051BF /* SwiftUI.framework */; };
		F2F1C0D12BD47784004051BF /* RecomendedAdsWidgetBundle.swift in Sources */ = {isa = PBXBuildFile; fileRef = F2F1C0D02BD47784004051BF /* RecomendedAdsWidgetBundle.swift */; };
		F2F1C0D32BD47784004051BF /* RecomendedAdsWidget.swift in Sources */ = {isa = PBXBuildFile; fileRef = F2F1C0D22BD47784004051BF /* RecomendedAdsWidget.swift */; };
		F2F1C0D52BD47784004051BF /* AppIntent.swift in Sources */ = {isa = PBXBuildFile; fileRef = F2F1C0D42BD47784004051BF /* AppIntent.swift */; };
		F2F1C0D72BD47786004051BF /* Assets.xcassets in Resources */ = {isa = PBXBuildFile; fileRef = F2F1C0D62BD47786004051BF /* Assets.xcassets */; };
		F2F1C0DB2BD47786004051BF /* RecomendedAdsWidgetExtension.appex in Embed Foundation Extensions */ = {isa = PBXBuildFile; fileRef = F2F1C0C92BD47784004051BF /* RecomendedAdsWidgetExtension.appex */; settings = {ATTRIBUTES = (RemoveHeadersOnCopy, ); }; };
		F2F1C0E52BD47C28004051BF /* recommended-ads.json in Resources */ = {isa = PBXBuildFile; fileRef = F2F1C0E42BD47C28004051BF /* recommended-ads.json */; };
		F2F1C0EA2BD4A9DD004051BF /* DeeplinkManager.swift in Sources */ = {isa = PBXBuildFile; fileRef = F2F1C0E92BD4A9DD004051BF /* DeeplinkManager.swift */; };
		F2F1C0EC2BD4AC6C004051BF /* AdDetailView.swift in Sources */ = {isa = PBXBuildFile; fileRef = F2F1C0EB2BD4AC6C004051BF /* AdDetailView.swift */; };
/* End PBXBuildFile section */

/* Begin PBXContainerItemProxy section */
		F2F1C0D92BD47786004051BF /* PBXContainerItemProxy */ = {
			isa = PBXContainerItemProxy;
			containerPortal = F2635B0F2BD45C3C0056B5A5 /* Project object */;
			proxyType = 1;
			remoteGlobalIDString = F2F1C0C82BD47784004051BF;
			remoteInfo = RecomendedAdsWidgetExtension;
		};
/* End PBXContainerItemProxy section */

/* Begin PBXCopyFilesBuildPhase section */
		F2F1C0DF2BD47786004051BF /* Embed Foundation Extensions */ = {
			isa = PBXCopyFilesBuildPhase;
			buildActionMask = 2147483647;
			dstPath = "";
			dstSubfolderSpec = 13;
			files = (
				F2F1C0DB2BD47786004051BF /* RecomendedAdsWidgetExtension.appex in Embed Foundation Extensions */,
			);
			name = "Embed Foundation Extensions";
			runOnlyForDeploymentPostprocessing = 0;
		};
/* End PBXCopyFilesBuildPhase section */

/* Begin PBXFileReference section */
		F2635B172BD45C3C0056B5A5 /* WidgetsCocoaHeads.app */ = {isa = PBXFileReference; explicitFileType = wrapper.application; includeInIndex = 0; path = WidgetsCocoaHeads.app; sourceTree = BUILT_PRODUCTS_DIR; };
		F2635B1A2BD45C3C0056B5A5 /* WidgetsCocoaHeadsApp.swift */ = {isa = PBXFileReference; lastKnownFileType = sourcecode.swift; path = WidgetsCocoaHeadsApp.swift; sourceTree = "<group>"; };
		F2635B1C2BD45C3C0056B5A5 /* ListOfAdsView.swift */ = {isa = PBXFileReference; lastKnownFileType = sourcecode.swift; path = ListOfAdsView.swift; sourceTree = "<group>"; };
		F2635B1E2BD45C3D0056B5A5 /* Assets.xcassets */ = {isa = PBXFileReference; lastKnownFileType = folder.assetcatalog; path = Assets.xcassets; sourceTree = "<group>"; };
		F2635B212BD45C3D0056B5A5 /* Preview Assets.xcassets */ = {isa = PBXFileReference; lastKnownFileType = folder.assetcatalog; path = "Preview Assets.xcassets"; sourceTree = "<group>"; };
		F2635B2C2BD45D5D0056B5A5 /* LocalService.swift */ = {isa = PBXFileReference; lastKnownFileType = sourcecode.swift; path = LocalService.swift; sourceTree = "<group>"; };
		F2635B2E2BD45E910056B5A5 /* ads.json */ = {isa = PBXFileReference; lastKnownFileType = text.json; path = ads.json; sourceTree = "<group>"; };
		F2D555982BD73689002E0934 /* ad-1.json */ = {isa = PBXFileReference; lastKnownFileType = text.json; path = "ad-1.json"; sourceTree = "<group>"; };
		F2D5559A2BD73739002E0934 /* AdDetailViewModel.swift */ = {isa = PBXFileReference; lastKnownFileType = sourcecode.swift; path = AdDetailViewModel.swift; sourceTree = "<group>"; };
		F2D5559C2BD738F0002E0934 /* AdDetailModel.swift */ = {isa = PBXFileReference; lastKnownFileType = sourcecode.swift; path = AdDetailModel.swift; sourceTree = "<group>"; };
		F2D5559E2BD748A2002E0934 /* ad-0.json */ = {isa = PBXFileReference; lastKnownFileType = text.json; path = "ad-0.json"; sourceTree = "<group>"; };
		F2D555A02BD748B4002E0934 /* ad-2.json */ = {isa = PBXFileReference; lastKnownFileType = text.json; path = "ad-2.json"; sourceTree = "<group>"; };
		F2D555A22BD748BF002E0934 /* ad-3.json */ = {isa = PBXFileReference; lastKnownFileType = text.json; path = "ad-3.json"; sourceTree = "<group>"; };
		F2D555A42BD748C9002E0934 /* ad-4.json */ = {isa = PBXFileReference; lastKnownFileType = text.json; path = "ad-4.json"; sourceTree = "<group>"; };
		F2D555A62BD748EA002E0934 /* ad-5.json */ = {isa = PBXFileReference; lastKnownFileType = text.json; path = "ad-5.json"; sourceTree = "<group>"; };
		F2D555A82BD74909002E0934 /* ad-6.json */ = {isa = PBXFileReference; lastKnownFileType = text.json; path = "ad-6.json"; sourceTree = "<group>"; };
		F2D555AA2BD74914002E0934 /* ad-7.json */ = {isa = PBXFileReference; lastKnownFileType = text.json; path = "ad-7.json"; sourceTree = "<group>"; };
		F2D555AC2BD74928002E0934 /* ad-8.json */ = {isa = PBXFileReference; lastKnownFileType = text.json; path = "ad-8.json"; sourceTree = "<group>"; };
		F2D555AE2BD74933002E0934 /* ad-9.json */ = {isa = PBXFileReference; lastKnownFileType = text.json; path = "ad-9.json"; sourceTree = "<group>"; };
		F2D555B02BD7493B002E0934 /* ad-10.json */ = {isa = PBXFileReference; lastKnownFileType = text.json; path = "ad-10.json"; sourceTree = "<group>"; };
		F2D555B22BD74942002E0934 /* ad-11.json */ = {isa = PBXFileReference; lastKnownFileType = text.json; path = "ad-11.json"; sourceTree = "<group>"; };
		F2D555B42BD7494A002E0934 /* ad-12.json */ = {isa = PBXFileReference; lastKnownFileType = text.json; path = "ad-12.json"; sourceTree = "<group>"; };
		F2F1C0BA2BD463E3004051BF /* AdsModel.swift */ = {isa = PBXFileReference; lastKnownFileType = sourcecode.swift; path = AdsModel.swift; sourceTree = "<group>"; };
		F2F1C0BF2BD46996004051BF /* AdsViewModel.swift */ = {isa = PBXFileReference; lastKnownFileType = sourcecode.swift; path = AdsViewModel.swift; sourceTree = "<group>"; };
		F2F1C0C32BD46EF7004051BF /* AdView.swift */ = {isa = PBXFileReference; lastKnownFileType = sourcecode.swift; path = AdView.swift; sourceTree = "<group>"; };
		F2F1C0C92BD47784004051BF /* RecomendedAdsWidgetExtension.appex */ = {isa = PBXFileReference; explicitFileType = "wrapper.app-extension"; includeInIndex = 0; path = RecomendedAdsWidgetExtension.appex; sourceTree = BUILT_PRODUCTS_DIR; };
		F2F1C0CB2BD47784004051BF /* WidgetKit.framework */ = {isa = PBXFileReference; lastKnownFileType = wrapper.framework; name = WidgetKit.framework; path = System/Library/Frameworks/WidgetKit.framework; sourceTree = SDKROOT; };
		F2F1C0CD2BD47784004051BF /* SwiftUI.framework */ = {isa = PBXFileReference; lastKnownFileType = wrapper.framework; name = SwiftUI.framework; path = System/Library/Frameworks/SwiftUI.framework; sourceTree = SDKROOT; };
		F2F1C0D02BD47784004051BF /* RecomendedAdsWidgetBundle.swift */ = {isa = PBXFileReference; lastKnownFileType = sourcecode.swift; path = RecomendedAdsWidgetBundle.swift; sourceTree = "<group>"; };
		F2F1C0D22BD47784004051BF /* RecomendedAdsWidget.swift */ = {isa = PBXFileReference; lastKnownFileType = sourcecode.swift; path = RecomendedAdsWidget.swift; sourceTree = "<group>"; };
		F2F1C0D42BD47784004051BF /* AppIntent.swift */ = {isa = PBXFileReference; lastKnownFileType = sourcecode.swift; path = AppIntent.swift; sourceTree = "<group>"; };
		F2F1C0D62BD47786004051BF /* Assets.xcassets */ = {isa = PBXFileReference; lastKnownFileType = folder.assetcatalog; path = Assets.xcassets; sourceTree = "<group>"; };
		F2F1C0D82BD47786004051BF /* Info.plist */ = {isa = PBXFileReference; lastKnownFileType = text.plist.xml; path = Info.plist; sourceTree = "<group>"; };
		F2F1C0E42BD47C28004051BF /* recommended-ads.json */ = {isa = PBXFileReference; lastKnownFileType = text.json; path = "recommended-ads.json"; sourceTree = "<group>"; };
		F2F1C0E82BD4A972004051BF /* Info.plist */ = {isa = PBXFileReference; lastKnownFileType = text.plist; path = Info.plist; sourceTree = "<group>"; };
		F2F1C0E92BD4A9DD004051BF /* DeeplinkManager.swift */ = {isa = PBXFileReference; lastKnownFileType = sourcecode.swift; path = DeeplinkManager.swift; sourceTree = "<group>"; };
		F2F1C0EB2BD4AC6C004051BF /* AdDetailView.swift */ = {isa = PBXFileReference; lastKnownFileType = sourcecode.swift; path = AdDetailView.swift; sourceTree = "<group>"; };
/* End PBXFileReference section */

/* Begin PBXFrameworksBuildPhase section */
		F2635B142BD45C3C0056B5A5 /* Frameworks */ = {
			isa = PBXFrameworksBuildPhase;
			buildActionMask = 2147483647;
			files = (
			);
			runOnlyForDeploymentPostprocessing = 0;
		};
		F2F1C0C62BD47784004051BF /* Frameworks */ = {
			isa = PBXFrameworksBuildPhase;
			buildActionMask = 2147483647;
			files = (
				F2F1C0CE2BD47784004051BF /* SwiftUI.framework in Frameworks */,
				F2F1C0CC2BD47784004051BF /* WidgetKit.framework in Frameworks */,
			);
			runOnlyForDeploymentPostprocessing = 0;
		};
/* End PBXFrameworksBuildPhase section */

/* Begin PBXGroup section */
		F2635B0E2BD45C3C0056B5A5 = {
			isa = PBXGroup;
			children = (
				F2635B192BD45C3C0056B5A5 /* WidgetsCocoaHeads */,
				F2F1C0CF2BD47784004051BF /* RecomendedAdsWidget */,
				F2F1C0CA2BD47784004051BF /* Frameworks */,
				F2635B182BD45C3C0056B5A5 /* Products */,
			);
			sourceTree = "<group>";
		};
		F2635B182BD45C3C0056B5A5 /* Products */ = {
			isa = PBXGroup;
			children = (
				F2635B172BD45C3C0056B5A5 /* WidgetsCocoaHeads.app */,
				F2F1C0C92BD47784004051BF /* RecomendedAdsWidgetExtension.appex */,
			);
			name = Products;
			sourceTree = "<group>";
		};
		F2635B192BD45C3C0056B5A5 /* WidgetsCocoaHeads */ = {
			isa = PBXGroup;
			children = (
				F2F1C0E82BD4A972004051BF /* Info.plist */,
				F2F1C0BE2BD46986004051BF /* ViewModel */,
				F2F1C0B92BD463D8004051BF /* Model */,
				F2635B2B2BD45D500056B5A5 /* Service */,
				F2635B2A2BD45CE00056B5A5 /* View */,
				F2635B1A2BD45C3C0056B5A5 /* WidgetsCocoaHeadsApp.swift */,
				F2635B1E2BD45C3D0056B5A5 /* Assets.xcassets */,
				F2635B202BD45C3D0056B5A5 /* Preview Content */,
				F2635B2E2BD45E910056B5A5 /* ads.json */,
				F2F1C0E92BD4A9DD004051BF /* DeeplinkManager.swift */,
				F2D555982BD73689002E0934 /* ad-1.json */,
				F2D5559E2BD748A2002E0934 /* ad-0.json */,
				F2D555A02BD748B4002E0934 /* ad-2.json */,
				F2D555A22BD748BF002E0934 /* ad-3.json */,
				F2D555A42BD748C9002E0934 /* ad-4.json */,
				F2D555A62BD748EA002E0934 /* ad-5.json */,
				F2D555A82BD74909002E0934 /* ad-6.json */,
				F2D555AA2BD74914002E0934 /* ad-7.json */,
				F2D555AC2BD74928002E0934 /* ad-8.json */,
				F2D555AE2BD74933002E0934 /* ad-9.json */,
				F2D555B02BD7493B002E0934 /* ad-10.json */,
				F2D555B22BD74942002E0934 /* ad-11.json */,
				F2D555B42BD7494A002E0934 /* ad-12.json */,
			);
			path = WidgetsCocoaHeads;
			sourceTree = "<group>";
		};
		F2635B202BD45C3D0056B5A5 /* Preview Content */ = {
			isa = PBXGroup;
			children = (
				F2635B212BD45C3D0056B5A5 /* Preview Assets.xcassets */,
			);
			path = "Preview Content";
			sourceTree = "<group>";
		};
		F2635B2A2BD45CE00056B5A5 /* View */ = {
			isa = PBXGroup;
			children = (
				F2635B1C2BD45C3C0056B5A5 /* ListOfAdsView.swift */,
				F2F1C0C32BD46EF7004051BF /* AdView.swift */,
				F2F1C0EB2BD4AC6C004051BF /* AdDetailView.swift */,
			);
			path = View;
			sourceTree = "<group>";
		};
		F2635B2B2BD45D500056B5A5 /* Service */ = {
			isa = PBXGroup;
			children = (
				F2635B2C2BD45D5D0056B5A5 /* LocalService.swift */,
			);
			path = Service;
			sourceTree = "<group>";
		};
		F2F1C0B92BD463D8004051BF /* Model */ = {
			isa = PBXGroup;
			children = (
				F2F1C0BA2BD463E3004051BF /* AdsModel.swift */,
				F2D5559C2BD738F0002E0934 /* AdDetailModel.swift */,
			);
			path = Model;
			sourceTree = "<group>";
		};
		F2F1C0BE2BD46986004051BF /* ViewModel */ = {
			isa = PBXGroup;
			children = (
				F2F1C0BF2BD46996004051BF /* AdsViewModel.swift */,
				F2D5559A2BD73739002E0934 /* AdDetailViewModel.swift */,
			);
			path = ViewModel;
			sourceTree = "<group>";
		};
		F2F1C0CA2BD47784004051BF /* Frameworks */ = {
			isa = PBXGroup;
			children = (
				F2F1C0CB2BD47784004051BF /* WidgetKit.framework */,
				F2F1C0CD2BD47784004051BF /* SwiftUI.framework */,
			);
			name = Frameworks;
			sourceTree = "<group>";
		};
		F2F1C0CF2BD47784004051BF /* RecomendedAdsWidget */ = {
			isa = PBXGroup;
			children = (
				F2F1C0D02BD47784004051BF /* RecomendedAdsWidgetBundle.swift */,
				F2F1C0D22BD47784004051BF /* RecomendedAdsWidget.swift */,
				F2F1C0D42BD47784004051BF /* AppIntent.swift */,
				F2F1C0D62BD47786004051BF /* Assets.xcassets */,
				F2F1C0D82BD47786004051BF /* Info.plist */,
				F2F1C0E42BD47C28004051BF /* recommended-ads.json */,
			);
			path = RecomendedAdsWidget;
			sourceTree = "<group>";
		};
/* End PBXGroup section */

/* Begin PBXNativeTarget section */
		F2635B162BD45C3C0056B5A5 /* WidgetsCocoaHeads */ = {
			isa = PBXNativeTarget;
			buildConfigurationList = F2635B252BD45C3D0056B5A5 /* Build configuration list for PBXNativeTarget "WidgetsCocoaHeads" */;
			buildPhases = (
				F2635B132BD45C3C0056B5A5 /* Sources */,
				F2635B142BD45C3C0056B5A5 /* Frameworks */,
				F2635B152BD45C3C0056B5A5 /* Resources */,
				F2F1C0DF2BD47786004051BF /* Embed Foundation Extensions */,
			);
			buildRules = (
			);
			dependencies = (
				F2F1C0DA2BD47786004051BF /* PBXTargetDependency */,
			);
			name = WidgetsCocoaHeads;
			productName = WidgetsCocoaHeads;
			productReference = F2635B172BD45C3C0056B5A5 /* WidgetsCocoaHeads.app */;
			productType = "com.apple.product-type.application";
		};
		F2F1C0C82BD47784004051BF /* RecomendedAdsWidgetExtension */ = {
			isa = PBXNativeTarget;
			buildConfigurationList = F2F1C0DC2BD47786004051BF /* Build configuration list for PBXNativeTarget "RecomendedAdsWidgetExtension" */;
			buildPhases = (
				F2F1C0C52BD47784004051BF /* Sources */,
				F2F1C0C62BD47784004051BF /* Frameworks */,
				F2F1C0C72BD47784004051BF /* Resources */,
			);
			buildRules = (
			);
			dependencies = (
			);
			name = RecomendedAdsWidgetExtension;
			productName = RecomendedAdsWidgetExtension;
			productReference = F2F1C0C92BD47784004051BF /* RecomendedAdsWidgetExtension.appex */;
			productType = "com.apple.product-type.app-extension";
		};
/* End PBXNativeTarget section */

/* Begin PBXProject section */
		F2635B0F2BD45C3C0056B5A5 /* Project object */ = {
			isa = PBXProject;
			attributes = {
				BuildIndependentTargetsInParallel = 1;
				LastSwiftUpdateCheck = 1520;
				LastUpgradeCheck = 1520;
				TargetAttributes = {
					F2635B162BD45C3C0056B5A5 = {
						CreatedOnToolsVersion = 15.2;
					};
					F2F1C0C82BD47784004051BF = {
						CreatedOnToolsVersion = 15.2;
					};
				};
			};
			buildConfigurationList = F2635B122BD45C3C0056B5A5 /* Build configuration list for PBXProject "WidgetsCocoaHeads" */;
			compatibilityVersion = "Xcode 14.0";
			developmentRegion = en;
			hasScannedForEncodings = 0;
			knownRegions = (
				en,
				Base,
			);
			mainGroup = F2635B0E2BD45C3C0056B5A5;
			productRefGroup = F2635B182BD45C3C0056B5A5 /* Products */;
			projectDirPath = "";
			projectRoot = "";
			targets = (
				F2635B162BD45C3C0056B5A5 /* WidgetsCocoaHeads */,
				F2F1C0C82BD47784004051BF /* RecomendedAdsWidgetExtension */,
			);
		};
/* End PBXProject section */

/* Begin PBXResourcesBuildPhase section */
		F2635B152BD45C3C0056B5A5 /* Resources */ = {
			isa = PBXResourcesBuildPhase;
			buildActionMask = 2147483647;
			files = (
				F2D555992BD73689002E0934 /* ad-1.json in Resources */,
				F2D555A32BD748BF002E0934 /* ad-3.json in Resources */,
				F2D555A72BD748EA002E0934 /* ad-5.json in Resources */,
				F2D555A92BD74909002E0934 /* ad-6.json in Resources */,
				F2635B222BD45C3D0056B5A5 /* Preview Assets.xcassets in Resources */,
				F2635B1F2BD45C3D0056B5A5 /* Assets.xcassets in Resources */,
				F2D555AF2BD74933002E0934 /* ad-9.json in Resources */,
				F2D555B52BD7494A002E0934 /* ad-12.json in Resources */,
				F2D5559F2BD748A2002E0934 /* ad-0.json in Resources */,
				F2635B2F2BD45E910056B5A5 /* ads.json in Resources */,
				F2D555B32BD74942002E0934 /* ad-11.json in Resources */,
				F2D555AB2BD74914002E0934 /* ad-7.json in Resources */,
				F2D555A12BD748B4002E0934 /* ad-2.json in Resources */,
				F2D555B12BD7493B002E0934 /* ad-10.json in Resources */,
				F2D555A52BD748C9002E0934 /* ad-4.json in Resources */,
				F2D555AD2BD74928002E0934 /* ad-8.json in Resources */,
			);
			runOnlyForDeploymentPostprocessing = 0;
		};
		F2F1C0C72BD47784004051BF /* Resources */ = {
			isa = PBXResourcesBuildPhase;
			buildActionMask = 2147483647;
			files = (
				F2F1C0E52BD47C28004051BF /* recommended-ads.json in Resources */,
				F2F1C0D72BD47786004051BF /* Assets.xcassets in Resources */,
			);
			runOnlyForDeploymentPostprocessing = 0;
		};
/* End PBXResourcesBuildPhase section */

/* Begin PBXSourcesBuildPhase section */
		F2635B132BD45C3C0056B5A5 /* Sources */ = {
			isa = PBXSourcesBuildPhase;
			buildActionMask = 2147483647;
			files = (
				F2F1C0EC2BD4AC6C004051BF /* AdDetailView.swift in Sources */,
				F2635B1D2BD45C3C0056B5A5 /* ListOfAdsView.swift in Sources */,
				F2635B1B2BD45C3C0056B5A5 /* WidgetsCocoaHeadsApp.swift in Sources */,
				F2F1C0BB2BD463E3004051BF /* AdsModel.swift in Sources */,
				F2F1C0C42BD46EF7004051BF /* AdView.swift in Sources */,
				F2D5559D2BD738F0002E0934 /* AdDetailModel.swift in Sources */,
				F2D5559B2BD73739002E0934 /* AdDetailViewModel.swift in Sources */,
				F2F1C0C02BD46996004051BF /* AdsViewModel.swift in Sources */,
				F2635B2D2BD45D5D0056B5A5 /* LocalService.swift in Sources */,
				F2F1C0EA2BD4A9DD004051BF /* DeeplinkManager.swift in Sources */,
			);
			runOnlyForDeploymentPostprocessing = 0;
		};
		F2F1C0C52BD47784004051BF /* Sources */ = {
			isa = PBXSourcesBuildPhase;
			buildActionMask = 2147483647;
			files = (
				F2F1C0D32BD47784004051BF /* RecomendedAdsWidget.swift in Sources */,
				F2F1C0D12BD47784004051BF /* RecomendedAdsWidgetBundle.swift in Sources */,
				F2F1C0D52BD47784004051BF /* AppIntent.swift in Sources */,
			);
			runOnlyForDeploymentPostprocessing = 0;
		};
/* End PBXSourcesBuildPhase section */

/* Begin PBXTargetDependency section */
		F2F1C0DA2BD47786004051BF /* PBXTargetDependency */ = {
			isa = PBXTargetDependency;
			target = F2F1C0C82BD47784004051BF /* RecomendedAdsWidgetExtension */;
			targetProxy = F2F1C0D92BD47786004051BF /* PBXContainerItemProxy */;
		};
/* End PBXTargetDependency section */

/* Begin XCBuildConfiguration section */
		F2635B232BD45C3D0056B5A5 /* Debug */ = {
			isa = XCBuildConfiguration;
			buildSettings = {
				ALWAYS_SEARCH_USER_PATHS = NO;
				ASSETCATALOG_COMPILER_GENERATE_SWIFT_ASSET_SYMBOL_EXTENSIONS = YES;
				CLANG_ANALYZER_NONNULL = YES;
				CLANG_ANALYZER_NUMBER_OBJECT_CONVERSION = YES_AGGRESSIVE;
				CLANG_CXX_LANGUAGE_STANDARD = "gnu++20";
				CLANG_ENABLE_MODULES = YES;
				CLANG_ENABLE_OBJC_ARC = YES;
				CLANG_ENABLE_OBJC_WEAK = YES;
				CLANG_WARN_BLOCK_CAPTURE_AUTORELEASING = YES;
				CLANG_WARN_BOOL_CONVERSION = YES;
				CLANG_WARN_COMMA = YES;
				CLANG_WARN_CONSTANT_CONVERSION = YES;
				CLANG_WARN_DEPRECATED_OBJC_IMPLEMENTATIONS = YES;
				CLANG_WARN_DIRECT_OBJC_ISA_USAGE = YES_ERROR;
				CLANG_WARN_DOCUMENTATION_COMMENTS = YES;
				CLANG_WARN_EMPTY_BODY = YES;
				CLANG_WARN_ENUM_CONVERSION = YES;
				CLANG_WARN_INFINITE_RECURSION = YES;
				CLANG_WARN_INT_CONVERSION = YES;
				CLANG_WARN_NON_LITERAL_NULL_CONVERSION = YES;
				CLANG_WARN_OBJC_IMPLICIT_RETAIN_SELF = YES;
				CLANG_WARN_OBJC_LITERAL_CONVERSION = YES;
				CLANG_WARN_OBJC_ROOT_CLASS = YES_ERROR;
				CLANG_WARN_QUOTED_INCLUDE_IN_FRAMEWORK_HEADER = YES;
				CLANG_WARN_RANGE_LOOP_ANALYSIS = YES;
				CLANG_WARN_STRICT_PROTOTYPES = YES;
				CLANG_WARN_SUSPICIOUS_MOVE = YES;
				CLANG_WARN_UNGUARDED_AVAILABILITY = YES_AGGRESSIVE;
				CLANG_WARN_UNREACHABLE_CODE = YES;
				CLANG_WARN__DUPLICATE_METHOD_MATCH = YES;
				COPY_PHASE_STRIP = NO;
				DEBUG_INFORMATION_FORMAT = dwarf;
				ENABLE_STRICT_OBJC_MSGSEND = YES;
				ENABLE_TESTABILITY = YES;
				ENABLE_USER_SCRIPT_SANDBOXING = YES;
				GCC_C_LANGUAGE_STANDARD = gnu17;
				GCC_DYNAMIC_NO_PIC = NO;
				GCC_NO_COMMON_BLOCKS = YES;
				GCC_OPTIMIZATION_LEVEL = 0;
				GCC_PREPROCESSOR_DEFINITIONS = (
					"DEBUG=1",
					"$(inherited)",
				);
				GCC_WARN_64_TO_32_BIT_CONVERSION = YES;
				GCC_WARN_ABOUT_RETURN_TYPE = YES_ERROR;
				GCC_WARN_UNDECLARED_SELECTOR = YES;
				GCC_WARN_UNINITIALIZED_AUTOS = YES_AGGRESSIVE;
				GCC_WARN_UNUSED_FUNCTION = YES;
				GCC_WARN_UNUSED_VARIABLE = YES;
				IPHONEOS_DEPLOYMENT_TARGET = 17.2;
				LOCALIZATION_PREFERS_STRING_CATALOGS = YES;
				MTL_ENABLE_DEBUG_INFO = INCLUDE_SOURCE;
				MTL_FAST_MATH = YES;
				ONLY_ACTIVE_ARCH = YES;
				SDKROOT = iphoneos;
				SWIFT_ACTIVE_COMPILATION_CONDITIONS = "DEBUG $(inherited)";
				SWIFT_OPTIMIZATION_LEVEL = "-Onone";
			};
			name = Debug;
		};
		F2635B242BD45C3D0056B5A5 /* Release */ = {
			isa = XCBuildConfiguration;
			buildSettings = {
				ALWAYS_SEARCH_USER_PATHS = NO;
				ASSETCATALOG_COMPILER_GENERATE_SWIFT_ASSET_SYMBOL_EXTENSIONS = YES;
				CLANG_ANALYZER_NONNULL = YES;
				CLANG_ANALYZER_NUMBER_OBJECT_CONVERSION = YES_AGGRESSIVE;
				CLANG_CXX_LANGUAGE_STANDARD = "gnu++20";
				CLANG_ENABLE_MODULES = YES;
				CLANG_ENABLE_OBJC_ARC = YES;
				CLANG_ENABLE_OBJC_WEAK = YES;
				CLANG_WARN_BLOCK_CAPTURE_AUTORELEASING = YES;
				CLANG_WARN_BOOL_CONVERSION = YES;
				CLANG_WARN_COMMA = YES;
				CLANG_WARN_CONSTANT_CONVERSION = YES;
				CLANG_WARN_DEPRECATED_OBJC_IMPLEMENTATIONS = YES;
				CLANG_WARN_DIRECT_OBJC_ISA_USAGE = YES_ERROR;
				CLANG_WARN_DOCUMENTATION_COMMENTS = YES;
				CLANG_WARN_EMPTY_BODY = YES;
				CLANG_WARN_ENUM_CONVERSION = YES;
				CLANG_WARN_INFINITE_RECURSION = YES;
				CLANG_WARN_INT_CONVERSION = YES;
				CLANG_WARN_NON_LITERAL_NULL_CONVERSION = YES;
				CLANG_WARN_OBJC_IMPLICIT_RETAIN_SELF = YES;
				CLANG_WARN_OBJC_LITERAL_CONVERSION = YES;
				CLANG_WARN_OBJC_ROOT_CLASS = YES_ERROR;
				CLANG_WARN_QUOTED_INCLUDE_IN_FRAMEWORK_HEADER = YES;
				CLANG_WARN_RANGE_LOOP_ANALYSIS = YES;
				CLANG_WARN_STRICT_PROTOTYPES = YES;
				CLANG_WARN_SUSPICIOUS_MOVE = YES;
				CLANG_WARN_UNGUARDED_AVAILABILITY = YES_AGGRESSIVE;
				CLANG_WARN_UNREACHABLE_CODE = YES;
				CLANG_WARN__DUPLICATE_METHOD_MATCH = YES;
				COPY_PHASE_STRIP = NO;
				DEBUG_INFORMATION_FORMAT = "dwarf-with-dsym";
				ENABLE_NS_ASSERTIONS = NO;
				ENABLE_STRICT_OBJC_MSGSEND = YES;
				ENABLE_USER_SCRIPT_SANDBOXING = YES;
				GCC_C_LANGUAGE_STANDARD = gnu17;
				GCC_NO_COMMON_BLOCKS = YES;
				GCC_WARN_64_TO_32_BIT_CONVERSION = YES;
				GCC_WARN_ABOUT_RETURN_TYPE = YES_ERROR;
				GCC_WARN_UNDECLARED_SELECTOR = YES;
				GCC_WARN_UNINITIALIZED_AUTOS = YES_AGGRESSIVE;
				GCC_WARN_UNUSED_FUNCTION = YES;
				GCC_WARN_UNUSED_VARIABLE = YES;
				IPHONEOS_DEPLOYMENT_TARGET = 17.2;
				LOCALIZATION_PREFERS_STRING_CATALOGS = YES;
				MTL_ENABLE_DEBUG_INFO = NO;
				MTL_FAST_MATH = YES;
				SDKROOT = iphoneos;
				SWIFT_COMPILATION_MODE = wholemodule;
				VALIDATE_PRODUCT = YES;
			};
			name = Release;
		};
		F2635B262BD45C3D0056B5A5 /* Debug */ = {
			isa = XCBuildConfiguration;
			buildSettings = {
				ALWAYS_EMBED_SWIFT_STANDARD_LIBRARIES = YES;
				ASSETCATALOG_COMPILER_APPICON_NAME = AppIcon;
				ASSETCATALOG_COMPILER_GLOBAL_ACCENT_COLOR_NAME = AccentColor;
				CODE_SIGN_STYLE = Automatic;
				CURRENT_PROJECT_VERSION = 1;
				DEVELOPMENT_ASSET_PATHS = "\"WidgetsCocoaHeads/Preview Content\"";
				DEVELOPMENT_TEAM = 24MYCA5532;
				ENABLE_PREVIEWS = YES;
				GENERATE_INFOPLIST_FILE = YES;
				INFOPLIST_FILE = WidgetsCocoaHeads/Info.plist;
				INFOPLIST_KEY_UIApplicationSceneManifest_Generation = YES;
				INFOPLIST_KEY_UIApplicationSupportsIndirectInputEvents = YES;
				INFOPLIST_KEY_UILaunchScreen_Generation = YES;
				INFOPLIST_KEY_UISupportedInterfaceOrientations_iPad = "UIInterfaceOrientationPortrait UIInterfaceOrientationPortraitUpsideDown UIInterfaceOrientationLandscapeLeft UIInterfaceOrientationLandscapeRight";
				INFOPLIST_KEY_UISupportedInterfaceOrientations_iPhone = "UIInterfaceOrientationPortrait UIInterfaceOrientationLandscapeLeft UIInterfaceOrientationLandscapeRight";
				LD_RUNPATH_SEARCH_PATHS = (
					"$(inherited)",
					"@executable_path/Frameworks",
				);
				MARKETING_VERSION = 1.0;
				PRODUCT_BUNDLE_IDENTIFIER = br.com.WidgetsCocoaHeads;
				PRODUCT_NAME = "$(TARGET_NAME)";
				SUPPORTED_PLATFORMS = "iphoneos iphonesimulator";
				SUPPORTS_MACCATALYST = NO;
				SUPPORTS_MAC_DESIGNED_FOR_IPHONE_IPAD = NO;
				SUPPORTS_XR_DESIGNED_FOR_IPHONE_IPAD = NO;
				SWIFT_EMIT_LOC_STRINGS = YES;
				SWIFT_VERSION = 5.0;
				TARGETED_DEVICE_FAMILY = 1;
			};
			name = Debug;
		};
		F2635B272BD45C3D0056B5A5 /* Release */ = {
			isa = XCBuildConfiguration;
			buildSettings = {
				ALWAYS_EMBED_SWIFT_STANDARD_LIBRARIES = YES;
				ASSETCATALOG_COMPILER_APPICON_NAME = AppIcon;
				ASSETCATALOG_COMPILER_GLOBAL_ACCENT_COLOR_NAME = AccentColor;
				CODE_SIGN_STYLE = Automatic;
				CURRENT_PROJECT_VERSION = 1;
				DEVELOPMENT_ASSET_PATHS = "\"WidgetsCocoaHeads/Preview Content\"";
				DEVELOPMENT_TEAM = 24MYCA5532;
				ENABLE_PREVIEWS = YES;
				GENERATE_INFOPLIST_FILE = YES;
				INFOPLIST_FILE = WidgetsCocoaHeads/Info.plist;
				INFOPLIST_KEY_UIApplicationSceneManifest_Generation = YES;
				INFOPLIST_KEY_UIApplicationSupportsIndirectInputEvents = YES;
				INFOPLIST_KEY_UILaunchScreen_Generation = YES;
				INFOPLIST_KEY_UISupportedInterfaceOrientations_iPad = "UIInterfaceOrientationPortrait UIInterfaceOrientationPortraitUpsideDown UIInterfaceOrientationLandscapeLeft UIInterfaceOrientationLandscapeRight";
				INFOPLIST_KEY_UISupportedInterfaceOrientations_iPhone = "UIInterfaceOrientationPortrait UIInterfaceOrientationLandscapeLeft UIInterfaceOrientationLandscapeRight";
				LD_RUNPATH_SEARCH_PATHS = (
					"$(inherited)",
					"@executable_path/Frameworks",
				);
				MARKETING_VERSION = 1.0;
				PRODUCT_BUNDLE_IDENTIFIER = br.com.WidgetsCocoaHeads;
				PRODUCT_NAME = "$(TARGET_NAME)";
				SUPPORTED_PLATFORMS = "iphoneos iphonesimulator";
				SUPPORTS_MACCATALYST = NO;
				SUPPORTS_MAC_DESIGNED_FOR_IPHONE_IPAD = NO;
				SUPPORTS_XR_DESIGNED_FOR_IPHONE_IPAD = NO;
				SWIFT_EMIT_LOC_STRINGS = YES;
				SWIFT_VERSION = 5.0;
				TARGETED_DEVICE_FAMILY = 1;
			};
			name = Release;
		};
		F2F1C0DD2BD47786004051BF /* Debug */ = {
			isa = XCBuildConfiguration;
			buildSettings = {
				ASSETCATALOG_COMPILER_GLOBAL_ACCENT_COLOR_NAME = AccentColor;
				ASSETCATALOG_COMPILER_WIDGET_BACKGROUND_COLOR_NAME = WidgetBackground;
				CODE_SIGN_STYLE = Automatic;
				CURRENT_PROJECT_VERSION = 1;
				DEVELOPMENT_TEAM = 24MYCA5532;
				GENERATE_INFOPLIST_FILE = YES;
				INFOPLIST_FILE = RecomendedAdsWidget/Info.plist;
				INFOPLIST_KEY_CFBundleDisplayName = RecomendedAdsWidget;
				INFOPLIST_KEY_NSHumanReadableCopyright = "";
				LD_RUNPATH_SEARCH_PATHS = (
					"$(inherited)",
					"@executable_path/Frameworks",
					"@executable_path/../../Frameworks",
				);
				MARKETING_VERSION = 1.0;
				PRODUCT_BUNDLE_IDENTIFIER = br.com.WidgetsCocoaHeads.RecomendedAdsWidget;
				PRODUCT_NAME = "$(TARGET_NAME)";
				SKIP_INSTALL = YES;
				SWIFT_EMIT_LOC_STRINGS = YES;
				SWIFT_VERSION = 5.0;
				TARGETED_DEVICE_FAMILY = "1,2";
			};
			name = Debug;
		};
		F2F1C0DE2BD47786004051BF /* Release */ = {
			isa = XCBuildConfiguration;
			buildSettings = {
				ASSETCATALOG_COMPILER_GLOBAL_ACCENT_COLOR_NAME = AccentColor;
				ASSETCATALOG_COMPILER_WIDGET_BACKGROUND_COLOR_NAME = WidgetBackground;
				CODE_SIGN_STYLE = Automatic;
				CURRENT_PROJECT_VERSION = 1;
				DEVELOPMENT_TEAM = 24MYCA5532;
				GENERATE_INFOPLIST_FILE = YES;
				INFOPLIST_FILE = RecomendedAdsWidget/Info.plist;
				INFOPLIST_KEY_CFBundleDisplayName = RecomendedAdsWidget;
				INFOPLIST_KEY_NSHumanReadableCopyright = "";
				LD_RUNPATH_SEARCH_PATHS = (
					"$(inherited)",
					"@executable_path/Frameworks",
					"@executable_path/../../Frameworks",
				);
				MARKETING_VERSION = 1.0;
				PRODUCT_BUNDLE_IDENTIFIER = br.com.WidgetsCocoaHeads.RecomendedAdsWidget;
				PRODUCT_NAME = "$(TARGET_NAME)";
				SKIP_INSTALL = YES;
				SWIFT_EMIT_LOC_STRINGS = YES;
				SWIFT_VERSION = 5.0;
				TARGETED_DEVICE_FAMILY = "1,2";
			};
			name = Release;
		};
/* End XCBuildConfiguration section */

/* Begin XCConfigurationList section */
		F2635B122BD45C3C0056B5A5 /* Build configuration list for PBXProject "WidgetsCocoaHeads" */ = {
			isa = XCConfigurationList;
			buildConfigurations = (
				F2635B232BD45C3D0056B5A5 /* Debug */,
				F2635B242BD45C3D0056B5A5 /* Release */,
			);
			defaultConfigurationIsVisible = 0;
			defaultConfigurationName = Release;
		};
		F2635B252BD45C3D0056B5A5 /* Build configuration list for PBXNativeTarget "WidgetsCocoaHeads" */ = {
			isa = XCConfigurationList;
			buildConfigurations = (
				F2635B262BD45C3D0056B5A5 /* Debug */,
				F2635B272BD45C3D0056B5A5 /* Release */,
			);
			defaultConfigurationIsVisible = 0;
			defaultConfigurationName = Release;
		};
		F2F1C0DC2BD47786004051BF /* Build configuration list for PBXNativeTarget "RecomendedAdsWidgetExtension" */ = {
			isa = XCConfigurationList;
			buildConfigurations = (
				F2F1C0DD2BD47786004051BF /* Debug */,
				F2F1C0DE2BD47786004051BF /* Release */,
			);
			defaultConfigurationIsVisible = 0;
			defaultConfigurationName = Release;
		};
/* End XCConfigurationList section */
	};
	rootObject = F2635B0F2BD45C3C0056B5A5 /* Project object */;
}
